// !$*UTF8*$!
{
	archiveVersion = 1;
	classes = {
	};
	objectVersion = 46;
	objects = {

/* Begin PBXBuildFile section */
		2C8207061C2B99ED00D16C7C /* main.m in Sources */ = {isa = PBXBuildFile; fileRef = 2C8207051C2B99ED00D16C7C /* main.m */; };
		2C8207091C2B99ED00D16C7C /* AppDelegate.m in Sources */ = {isa = PBXBuildFile; fileRef = 2C8207081C2B99ED00D16C7C /* AppDelegate.m */; };
		2C82070C1C2B99ED00D16C7C /* ViewController.m in Sources */ = {isa = PBXBuildFile; fileRef = 2C82070B1C2B99ED00D16C7C /* ViewController.m */; };
		2C82070F1C2B99ED00D16C7C /* Main.storyboard in Resources */ = {isa = PBXBuildFile; fileRef = 2C82070D1C2B99ED00D16C7C /* Main.storyboard */; };
		2C8207111C2B99ED00D16C7C /* Assets.xcassets in Resources */ = {isa = PBXBuildFile; fileRef = 2C8207101C2B99ED00D16C7C /* Assets.xcassets */; };
		2C8207141C2B99ED00D16C7C /* LaunchScreen.storyboard in Resources */ = {isa = PBXBuildFile; fileRef = 2C8207121C2B99ED00D16C7C /* LaunchScreen.storyboard */; };
		2C8207201C2B9A7300D16C7C /* CustomView.m in Sources */ = {isa = PBXBuildFile; fileRef = 2C82071F1C2B9A7300D16C7C /* CustomView.m */; };
		2C8207221C2B9ACB00D16C7C /* CustomView.xib in Resources */ = {isa = PBXBuildFile; fileRef = 2C8207211C2B9ACB00D16C7C /* CustomView.xib */; };
/* End PBXBuildFile section */

/* Begin PBXFileReference section */
		2C8207011C2B99ED00D16C7C /* SampleCustomViewProject.app */ = {isa = PBXFileReference; explicitFileType = wrapper.application; includeInIndex = 0; path = SampleCustomViewProject.app; sourceTree = BUILT_PRODUCTS_DIR; };
		2C8207051C2B99ED00D16C7C /* main.m */ = {isa = PBXFileReference; lastKnownFileType = sourcecode.c.objc; path = main.m; sourceTree = "<group>"; };
		2C8207071C2B99ED00D16C7C /* AppDelegate.h */ = {isa = PBXFileReference; lastKnownFileType = sourcecode.c.h; path = AppDelegate.h; sourceTree = "<group>"; };
		2C8207081C2B99ED00D16C7C /* AppDelegate.m */ = {isa = PBXFileReference; lastKnownFileType = sourcecode.c.objc; path = AppDelegate.m; sourceTree = "<group>"; };
		2C82070A1C2B99ED00D16C7C /* ViewController.h */ = {isa = PBXFileReference; lastKnownFileType = sourcecode.c.h; path = ViewController.h; sourceTree = "<group>"; };
		2C82070B1C2B99ED00D16C7C /* ViewController.m */ = {isa = PBXFileReference; lastKnownFileType = sourcecode.c.objc; path = ViewController.m; sourceTree = "<group>"; };
		2C82070E1C2B99ED00D16C7C /* Base */ = {isa = PBXFileReference; lastKnownFileType = file.storyboard; name = Base; path = Base.lproj/Main.storyboard; sourceTree = "<group>"; };
		2C8207101C2B99ED00D16C7C /* Assets.xcassets */ = {isa = PBXFileReference; lastKnownFileType = folder.assetcatalog; path = Assets.xcassets; sourceTree = "<group>"; };
		2C8207131C2B99ED00D16C7C /* Base */ = {isa = PBXFileReference; lastKnownFileType = file.storyboard; name = Base; path = Base.lproj/LaunchScreen.storyboard; sourceTree = "<group>"; };
		2C8207151C2B99ED00D16C7C /* Info.plist */ = {isa = PBXFileReference; lastKnownFileType = text.plist.xml; path = Info.plist; sourceTree = "<group>"; };
		2C82071E1C2B9A7300D16C7C /* CustomView.h */ = {isa = PBXFileReference; fileEncoding = 4; lastKnownFileType = sourcecode.c.h; path = CustomView.h; sourceTree = "<group>"; };
		2C82071F1C2B9A7300D16C7C /* CustomView.m */ = {isa = PBXFileReference; fileEncoding = 4; lastKnownFileType = sourcecode.c.objc; path = CustomView.m; sourceTree = "<group>"; };
		2C8207211C2B9ACB00D16C7C /* CustomView.xib */ = {isa = PBXFileReference; fileEncoding = 4; lastKnownFileType = file.xib; path = CustomView.xib; sourceTree = "<group>"; };
/* End PBXFileReference section */

/* Begin PBXFrameworksBuildPhase section */
		2C8206FE1C2B99ED00D16C7C /* Frameworks */ = {
			isa = PBXFrameworksBuildPhase;
			buildActionMask = 2147483647;
			files = (
			);
			runOnlyForDeploymentPostprocessing = 0;
		};
/* End PBXFrameworksBuildPhase section */

/* Begin PBXGroup section */
		2C8206F81C2B99ED00D16C7C = {
			isa = PBXGroup;
			children = (
				2C8207031C2B99ED00D16C7C /* SampleCustomViewProject */,
				2C8207021C2B99ED00D16C7C /* Products */,
			);
			sourceTree = "<group>";
		};
		2C8207021C2B99ED00D16C7C /* Products */ = {
			isa = PBXGroup;
			children = (
				2C8207011C2B99ED00D16C7C /* SampleCustomViewProject.app */,
			);
			name = Products;
			sourceTree = "<group>";
		};
		2C8207031C2B99ED00D16C7C /* SampleCustomViewProject */ = {
			isa = PBXGroup;
			children = (
				2C8207071C2B99ED00D16C7C /* AppDelegate.h */,
				2C8207081C2B99ED00D16C7C /* AppDelegate.m */,
				2C82070A1C2B99ED00D16C7C /* ViewController.h */,
				2C82070B1C2B99ED00D16C7C /* ViewController.m */,
				2C82070D1C2B99ED00D16C7C /* Main.storyboard */,
				2C82071D1C2B9A5B00D16C7C /* CustomView */,
				2C8207101C2B99ED00D16C7C /* Assets.xcassets */,
				2C8207121C2B99ED00D16C7C /* LaunchScreen.storyboard */,
				2C8207151C2B99ED00D16C7C /* Info.plist */,
				2C8207041C2B99ED00D16C7C /* Supporting Files */,
			);
			path = SampleCustomViewProject;
			sourceTree = "<group>";
		};
		2C8207041C2B99ED00D16C7C /* Supporting Files */ = {
			isa = PBXGroup;
			children = (
				2C8207051C2B99ED00D16C7C /* main.m */,
			);
			name = "Supporting Files";
			sourceTree = "<group>";
		};
		2C82071D1C2B9A5B00D16C7C /* CustomView */ = {
			isa = PBXGroup;
			children = (
				2C82071E1C2B9A7300D16C7C /* CustomView.h */,
				2C82071F1C2B9A7300D16C7C /* CustomView.m */,
				2C8207211C2B9ACB00D16C7C /* CustomView.xib */,
			);
			path = CustomView;
			sourceTree = "<group>";
		};
/* End PBXGroup section */

/* Begin PBXNativeTarget section */
		2C8207001C2B99ED00D16C7C /* SampleCustomViewProject */ = {
			isa = PBXNativeTarget;
			buildConfigurationList = 2C8207181C2B99ED00D16C7C /* Build configuration list for PBXNativeTarget "SampleCustomViewProject" */;
			buildPhases = (
				2C8206FD1C2B99ED00D16C7C /* Sources */,
				2C8206FE1C2B99ED00D16C7C /* Frameworks */,
				2C8206FF1C2B99ED00D16C7C /* Resources */,
			);
			buildRules = (
			);
			dependencies = (
			);
			name = SampleCustomViewProject;
			productName = SampleCustomViewProject;
			productReference = 2C8207011C2B99ED00D16C7C /* SampleCustomViewProject.app */;
			productType = "com.apple.product-type.application";
		};
/* End PBXNativeTarget section */

/* Begin PBXProject section */
		2C8206F91C2B99ED00D16C7C /* Project object */ = {
			isa = PBXProject;
			attributes = {
				LastUpgradeCheck = 0720;
				ORGANIZATIONNAME = ShinTanaka;
				TargetAttributes = {
					2C8207001C2B99ED00D16C7C = {
						CreatedOnToolsVersion = 7.2;
					};
				};
			};
			buildConfigurationList = 2C8206FC1C2B99ED00D16C7C /* Build configuration list for PBXProject "SampleCustomViewProject" */;
			compatibilityVersion = "Xcode 3.2";
			developmentRegion = English;
			hasScannedForEncodings = 0;
			knownRegions = (
				en,
				Base,
			);
			mainGroup = 2C8206F81C2B99ED00D16C7C;
			productRefGroup = 2C8207021C2B99ED00D16C7C /* Products */;
			projectDirPath = "";
			projectRoot = "";
			targets = (
				2C8207001C2B99ED00D16C7C /* SampleCustomViewProject */,
			);
		};
/* End PBXProject section */

/* Begin PBXResourcesBuildPhase section */
		2C8206FF1C2B99ED00D16C7C /* Resources */ = {
			isa = PBXResourcesBuildPhase;
			buildActionMask = 2147483647;
			files = (
				2C8207141C2B99ED00D16C7C /* LaunchScreen.storyboard in Resources */,
				2C8207221C2B9ACB00D16C7C /* CustomView.xib in Resources */,
				2C8207111C2B99ED00D16C7C /* Assets.xcassets in Resources */,
				2C82070F1C2B99ED00D16C7C /* Main.storyboard in Resources */,
			);
			runOnlyForDeploymentPostprocessing = 0;
		};
/* End PBXResourcesBuildPhase section */

/* Begin PBXSourcesBuildPhase section */
		2C8206FD1C2B99ED00D16C7C /* Sources */ = {
			isa = PBXSourcesBuildPhase;
			buildActionMask = 2147483647;
			files = (
				2C82070C1C2B99ED00D16C7C /* ViewController.m in Sources */,
				2C8207201C2B9A7300D16C7C /* CustomView.m in Sources */,
				2C8207091C2B99ED00D16C7C /* AppDelegate.m in Sources */,
				2C8207061C2B99ED00D16C7C /* main.m in Sources */,
			);
			runOnlyForDeploymentPostprocessing = 0;
		};
/* End PBXSourcesBuildPhase section */

/* Begin PBXVariantGroup section */
		2C82070D1C2B99ED00D16C7C /* Main.storyboard */ = {
			isa = PBXVariantGroup;
			children = (
				2C82070E1C2B99ED00D16C7C /* Base */,
			);
			name = Main.storyboard;
			sourceTree = "<group>";
		};
		2C8207121C2B99ED00D16C7C /* LaunchScreen.storyboard */ = {
			isa = PBXVariantGroup;
			children = (
				2C8207131C2B99ED00D16C7C /* Base */,
			);
			name = LaunchScreen.storyboard;
			sourceTree = "<group>";
		};
/* End PBXVariantGroup section */

/* Begin XCBuildConfiguration section */
		2C8207161C2B99ED00D16C7C /* Debug */ = {
			isa = XCBuildConfiguration;
			buildSettings = {
				ALWAYS_SEARCH_USER_PATHS = NO;
				CLANG_CXX_LANGUAGE_STANDARD = "gnu++0x";
				CLANG_CXX_LIBRARY = "libc++";
				CLANG_ENABLE_MODULES = YES;
				CLANG_ENABLE_OBJC_ARC = YES;
				CLANG_WARN_BOOL_CONVERSION = YES;
				CLANG_WARN_CONSTANT_CONVERSION = YES;
				CLANG_WARN_DIRECT_OBJC_ISA_USAGE = YES_ERROR;
				CLANG_WARN_EMPTY_BODY = YES;
				CLANG_WARN_ENUM_CONVERSION = YES;
				CLANG_WARN_INT_CONVERSION = YES;
				CLANG_WARN_OBJC_ROOT_CLASS = YES_ERROR;
				CLANG_WARN_UNREACHABLE_CODE = YES;
				CLANG_WARN__DUPLICATE_METHOD_MATCH = YES;
				"CODE_SIGN_IDENTITY[sdk=iphoneos*]" = "iPhone Developer";
				COPY_PHASE_STRIP = NO;
				DEBUG_INFORMATION_FORMAT = dwarf;
				ENABLE_STRICT_OBJC_MSGSEND = YES;
				ENABLE_TESTABILITY = YES;
				GCC_C_LANGUAGE_STANDARD = gnu99;
				GCC_DYNAMIC_NO_PIC = NO;
				GCC_NO_COMMON_BLOCKS = YES;
				GCC_OPTIMIZATION_LEVEL = 0;
				GCC_PREPROCESSOR_DEFINITIONS = (
					"DEBUG=1",
					"$(inherited)",
				);
				GCC_WARN_64_TO_32_BIT_CONVERSION = YES;
				GCC_WARN_ABOUT_RETURN_TYPE = YES_ERROR;
				GCC_WARN_UNDECLARED_SELECTOR = YES;
				GCC_WARN_UNINITIALIZED_AUTOS = YES_AGGRESSIVE;
				GCC_WARN_UNUSED_FUNCTION = YES;
				GCC_WARN_UNUSED_VARIABLE = YES;
				IPHONEOS_DEPLOYMENT_TARGET = 9.2;
				MTL_ENABLE_DEBUG_INFO = YES;
				ONLY_ACTIVE_ARCH = YES;
				SDKROOT = iphoneos;
				TARGETED_DEVICE_FAMILY = "1,2";
			};
			name = Debug;
		};
		2C8207171C2B99ED00D16C7C /* Release */ = {
			isa = XCBuildConfiguration;
			buildSettings = {
				ALWAYS_SEARCH_USER_PATHS = NO;
				CLANG_CXX_LANGUAGE_STANDARD = "gnu++0x";
				CLANG_CXX_LIBRARY = "libc++";
				CLANG_ENABLE_MODULES = YES;
				CLANG_ENABLE_OBJC_ARC = YES;
				CLANG_WARN_BOOL_CONVERSION = YES;
				CLANG_WARN_CONSTANT_CONVERSION = YES;
				CLANG_WARN_DIRECT_OBJC_ISA_USAGE = YES_ERROR;
				CLANG_WARN_EMPTY_BODY = YES;
				CLANG_WARN_ENUM_CONVERSION = YES;
				CLANG_WARN_INT_CONVERSION = YES;
				CLANG_WARN_OBJC_ROOT_CLASS = YES_ERROR;
				CLANG_WARN_UNREACHABLE_CODE = YES;
				CLANG_WARN__DUPLICATE_METHOD_MATCH = YES;
				"CODE_SIGN_IDENTITY[sdk=iphoneos*]" = "iPhone Developer";
				COPY_PHASE_STRIP = NO;
				DEBUG_INFORMATION_FORMAT = "dwarf-with-dsym";
				ENABLE_NS_ASSERTIONS = NO;
				ENABLE_STRICT_OBJC_MSGSEND = YES;
				GCC_C_LANGUAGE_STANDARD = gnu99;
				GCC_NO_COMMON_BLOCKS = YES;
				GCC_WARN_64_TO_32_BIT_CONVERSION = YES;
				GCC_WARN_ABOUT_RETURN_TYPE = YES_ERROR;
				GCC_WARN_UNDECLARED_SELECTOR = YES;
				GCC_WARN_UNINITIALIZED_AUTOS = YES_AGGRESSIVE;
				GCC_WARN_UNUSED_FUNCTION = YES;
				GCC_WARN_UNUSED_VARIABLE = YES;
				IPHONEOS_DEPLOYMENT_TARGET = 9.2;
				MTL_ENABLE_DEBUG_INFO = NO;
				SDKROOT = iphoneos;
				TARGETED_DEVICE_FAMILY = "1,2";
				VALIDATE_PRODUCT = YES;
			};
			name = Release;
		};
		2C8207191C2B99ED00D16C7C /* Debug */ = {
			isa = XCBuildConfiguration;
			buildSettings = {
				ASSETCATALOG_COMPILER_APPICON_NAME = AppIcon;
				INFOPLIST_FILE = SampleCustomViewProject/Info.plist;
				LD_RUNPATH_SEARCH_PATHS = "$(inherited) @executable_path/Frameworks";
				PRODUCT_BUNDLE_IDENTIFIER = hoge.SampleCustomViewProject;
				PRODUCT_NAME = "$(TARGET_NAME)";
			};
			name = Debug;
		};
		2C82071A1C2B99ED00D16C7C /* Release */ = {
			isa = XCBuildConfiguration;
			buildSettings = {
				ASSETCATALOG_COMPILER_APPICON_NAME = AppIcon;
				INFOPLIST_FILE = SampleCustomViewProject/Info.plist;
				LD_RUNPATH_SEARCH_PATHS = "$(inherited) @executable_path/Frameworks";
				PRODUCT_BUNDLE_IDENTIFIER = hoge.SampleCustomViewProject;
				PRODUCT_NAME = "$(TARGET_NAME)";
			};
			name = Release;
		};
/* End XCBuildConfiguration section */

/* Begin XCConfigurationList section */
		2C8206FC1C2B99ED00D16C7C /* Build configuration list for PBXProject "SampleCustomViewProject" */ = {
			isa = XCConfigurationList;
			buildConfigurations = (
				2C8207161C2B99ED00D16C7C /* Debug */,
				2C8207171C2B99ED00D16C7C /* Release */,
			);
			defaultConfigurationIsVisible = 0;
			defaultConfigurationName = Release;
		};
		2C8207181C2B99ED00D16C7C /* Build configuration list for PBXNativeTarget "SampleCustomViewProject" */ = {
			isa = XCConfigurationList;
			buildConfigurations = (
				2C8207191C2B99ED00D16C7C /* Debug */,
				2C82071A1C2B99ED00D16C7C /* Release */,
			);
			defaultConfigurationIsVisible = 0;
		};
/* End XCConfigurationList section */
	};
	rootObject = 2C8206F91C2B99ED00D16C7C /* Project object */;
}
